// !$*UTF8*$!
{
	archiveVersion = 1;
	classes = {
	};
	objectVersion = 51;
	objects = {

/* Begin PBXBuildFile section */
		8302505327ACA65000C613C1 /* ChartsViewController.swift in Sources */ = {isa = PBXBuildFile; fileRef = 8302505227ACA65000C613C1 /* ChartsViewController.swift */; };
		8304C59A274FDBD8000C7B59 /* DescriptionView.swift in Sources */ = {isa = PBXBuildFile; fileRef = 8304C599274FDBD8000C7B59 /* DescriptionView.swift */; };
		831ADAAB2739E13100CB2690 /* AppDelegate.swift in Sources */ = {isa = PBXBuildFile; fileRef = 831ADAAA2739E13100CB2690 /* AppDelegate.swift */; };
		831ADAAD2739E13100CB2690 /* SceneDelegate.swift in Sources */ = {isa = PBXBuildFile; fileRef = 831ADAAC2739E13100CB2690 /* SceneDelegate.swift */; };
		831ADAB42739E13200CB2690 /* Assets.xcassets in Resources */ = {isa = PBXBuildFile; fileRef = 831ADAB32739E13200CB2690 /* Assets.xcassets */; };
		831ADAB72739E13200CB2690 /* LaunchScreen.storyboard in Resources */ = {isa = PBXBuildFile; fileRef = 831ADAB52739E13200CB2690 /* LaunchScreen.storyboard */; };
		831ADAC22739E13200CB2690 /* LyricsAppTests.swift in Sources */ = {isa = PBXBuildFile; fileRef = 831ADAC12739E13200CB2690 /* LyricsAppTests.swift */; };
		831ADACD2739E13200CB2690 /* LyricsAppUITests.swift in Sources */ = {isa = PBXBuildFile; fileRef = 831ADACC2739E13200CB2690 /* LyricsAppUITests.swift */; };
		831E4DB2274EC77D006ADF66 /* AboutViewController.swift in Sources */ = {isa = PBXBuildFile; fileRef = 831E4DB1274EC77D006ADF66 /* AboutViewController.swift */; };
		831E4DB4274ED621006ADF66 /* ViewController+Extension.swift in Sources */ = {isa = PBXBuildFile; fileRef = 831E4DB3274ED621006ADF66 /* ViewController+Extension.swift */; };
		834E3C6A27AEA6BA00DFDF66 /* ChartCellViewModel.swift in Sources */ = {isa = PBXBuildFile; fileRef = 834E3C6927AEA6BA00DFDF66 /* ChartCellViewModel.swift */; };
		834E3C6D27AEA91900DFDF66 /* ChartTableViewCell.swift in Sources */ = {isa = PBXBuildFile; fileRef = 834E3C6C27AEA91900DFDF66 /* ChartTableViewCell.swift */; };
		83539B3427AF9CC300EBB952 /* BookedmarkLyricViewModel.swift in Sources */ = {isa = PBXBuildFile; fileRef = 83539B3327AF9CC300EBB952 /* BookedmarkLyricViewModel.swift */; };
		83539B3627AFA70F00EBB952 /* BookmarkLyricTableViewCell.swift in Sources */ = {isa = PBXBuildFile; fileRef = 83539B3527AFA70F00EBB952 /* BookmarkLyricTableViewCell.swift */; };
		835F983D27B00F6000783EE7 /* LyricEntity+CoreDataClass.swift in Sources */ = {isa = PBXBuildFile; fileRef = 835F983B27B00F6000783EE7 /* LyricEntity+CoreDataClass.swift */; };
		835F983E27B00F6000783EE7 /* LyricEntity+CoreDataProperties.swift in Sources */ = {isa = PBXBuildFile; fileRef = 835F983C27B00F6000783EE7 /* LyricEntity+CoreDataProperties.swift */; };
		83645087274C1ABC00B80C47 /* ApiEndpoint.swift in Sources */ = {isa = PBXBuildFile; fileRef = 83645086274C1ABC00B80C47 /* ApiEndpoint.swift */; };
		83645089274C1E1800B80C47 /* LyricEndpoint.swift in Sources */ = {isa = PBXBuildFile; fileRef = 83645088274C1E1800B80C47 /* LyricEndpoint.swift */; };
		8364508B274C204400B80C47 /* SearchResponse.swift in Sources */ = {isa = PBXBuildFile; fileRef = 8364508A274C204400B80C47 /* SearchResponse.swift */; };
		8364508E274C260300B80C47 /* ApiService.swift in Sources */ = {isa = PBXBuildFile; fileRef = 8364508D274C260300B80C47 /* ApiService.swift */; };
		8378438327ADBA4C00A8EA70 /* TabBarViewController.swift in Sources */ = {isa = PBXBuildFile; fileRef = 8378438227ADBA4C00A8EA70 /* TabBarViewController.swift */; };
		8378438827ADBAF800A8EA70 /* BookmarkListViewController.swift in Sources */ = {isa = PBXBuildFile; fileRef = 8378438727ADBAF800A8EA70 /* BookmarkListViewController.swift */; };
		8378438A27ADC69A00A8EA70 /* SiteEndpoint.swift in Sources */ = {isa = PBXBuildFile; fileRef = 8378438927ADC69A00A8EA70 /* SiteEndpoint.swift */; };
		837ABBC92741998800F63612 /* SearchViewController.swift in Sources */ = {isa = PBXBuildFile; fileRef = 837ABBC82741998800F63612 /* SearchViewController.swift */; };
		837ABBCC274199DA00F63612 /* Color+Extension.swift in Sources */ = {isa = PBXBuildFile; fileRef = 837ABBCB274199DA00F63612 /* Color+Extension.swift */; };
		837ABBD02741A25B00F63612 /* Programme-Regular.ttf in Resources */ = {isa = PBXBuildFile; fileRef = 837ABBCF2741A25B00F63612 /* Programme-Regular.ttf */; };
		83AA2295274D7B4700F6495C /* SearchLyricCellViewModel.swift in Sources */ = {isa = PBXBuildFile; fileRef = 83AA2294274D7B4700F6495C /* SearchLyricCellViewModel.swift */; };
		83AA2297274D7B9700F6495C /* UIThumbnail.swift in Sources */ = {isa = PBXBuildFile; fileRef = 83AA2296274D7B9700F6495C /* UIThumbnail.swift */; };
		83AA2299274D7CA600F6495C /* SearchLyricCollectionViewCell.swift in Sources */ = {isa = PBXBuildFile; fileRef = 83AA2298274D7CA600F6495C /* SearchLyricCollectionViewCell.swift */; };
		83ADEBC5274D984D00041AE3 /* UtilManager.swift in Sources */ = {isa = PBXBuildFile; fileRef = 83ADEBC4274D984D00041AE3 /* UtilManager.swift */; };
		83ADEBC7274D988B00041AE3 /* CustomFont.swift in Sources */ = {isa = PBXBuildFile; fileRef = 83ADEBC6274D988B00041AE3 /* CustomFont.swift */; };
		83ADEBC9274DA59A00041AE3 /* LyricViewController.swift in Sources */ = {isa = PBXBuildFile; fileRef = 83ADEBC8274DA59A00041AE3 /* LyricViewController.swift */; };
		83ADEBCB274DB4D000041AE3 /* SongResponse.swift in Sources */ = {isa = PBXBuildFile; fileRef = 83ADEBCA274DB4D000041AE3 /* SongResponse.swift */; };
		83B6AAB127AF36AB00489CFA /* LyricsAppData.xcdatamodeld in Sources */ = {isa = PBXBuildFile; fileRef = 83B6AAAF27AF36AB00489CFA /* LyricsAppData.xcdatamodeld */; };
		83B6AAB727AF39EE00489CFA /* LyricDataService.swift in Sources */ = {isa = PBXBuildFile; fileRef = 83B6AAB627AF39EE00489CFA /* LyricDataService.swift */; };
		83B6AAC527AF3ED600489CFA /* BookmarkedLyricCellViewModel.swift in Sources */ = {isa = PBXBuildFile; fileRef = 83B6AAC427AF3ED600489CFA /* BookmarkedLyricCellViewModel.swift */; };
		83B6AAC827AF458D00489CFA /* BookmarkedLyricViewController.swift in Sources */ = {isa = PBXBuildFile; fileRef = 83B6AAC727AF458D00489CFA /* BookmarkedLyricViewController.swift */; };
		83C1D554274D337A009FCC21 /* LTextField.swift in Sources */ = {isa = PBXBuildFile; fileRef = 83C1D553274D337A009FCC21 /* LTextField.swift */; };
		83C1D556274D397B009FCC21 /* LButton.swift in Sources */ = {isa = PBXBuildFile; fileRef = 83C1D555274D397B009FCC21 /* LButton.swift */; };
		83C1D558274D3CF2009FCC21 /* LyricResultViewController.swift in Sources */ = {isa = PBXBuildFile; fileRef = 83C1D557274D3CF2009FCC21 /* LyricResultViewController.swift */; };
		83E0B6B3274FF03000617817 /* loader.json in Resources */ = {isa = PBXBuildFile; fileRef = 83E0B6B2274FF03000617817 /* loader.json */; };
		83E0B6B5274FF1F100617817 /* LoadingView.swift in Sources */ = {isa = PBXBuildFile; fileRef = 83E0B6B4274FF1F100617817 /* LoadingView.swift */; };
		83FB318D274E7418008EA26B /* SongViewModel.swift in Sources */ = {isa = PBXBuildFile; fileRef = 83FB318C274E7418008EA26B /* SongViewModel.swift */; };
		A22F89D948F64AE6309EF8A7 /* Pods_LyricsApp.framework in Frameworks */ = {isa = PBXBuildFile; fileRef = 4DFA84856610CABE3404D31C /* Pods_LyricsApp.framework */; };
/* End PBXBuildFile section */

/* Begin PBXContainerItemProxy section */
		831ADABE2739E13200CB2690 /* PBXContainerItemProxy */ = {
			isa = PBXContainerItemProxy;
			containerPortal = 831ADA9F2739E13100CB2690 /* Project object */;
			proxyType = 1;
			remoteGlobalIDString = 831ADAA62739E13100CB2690;
			remoteInfo = LyricsApp;
		};
		831ADAC92739E13200CB2690 /* PBXContainerItemProxy */ = {
			isa = PBXContainerItemProxy;
			containerPortal = 831ADA9F2739E13100CB2690 /* Project object */;
			proxyType = 1;
			remoteGlobalIDString = 831ADAA62739E13100CB2690;
			remoteInfo = LyricsApp;
		};
/* End PBXContainerItemProxy section */

/* Begin PBXFileReference section */
		4DFA84856610CABE3404D31C /* Pods_LyricsApp.framework */ = {isa = PBXFileReference; explicitFileType = wrapper.framework; includeInIndex = 0; path = Pods_LyricsApp.framework; sourceTree = BUILT_PRODUCTS_DIR; };
		8302505227ACA65000C613C1 /* ChartsViewController.swift */ = {isa = PBXFileReference; lastKnownFileType = sourcecode.swift; path = ChartsViewController.swift; sourceTree = "<group>"; };
		8304C599274FDBD8000C7B59 /* DescriptionView.swift */ = {isa = PBXFileReference; lastKnownFileType = sourcecode.swift; path = DescriptionView.swift; sourceTree = "<group>"; };
		831ADAA72739E13100CB2690 /* LyricsApp.app */ = {isa = PBXFileReference; explicitFileType = wrapper.application; includeInIndex = 0; path = LyricsApp.app; sourceTree = BUILT_PRODUCTS_DIR; };
		831ADAAA2739E13100CB2690 /* AppDelegate.swift */ = {isa = PBXFileReference; lastKnownFileType = sourcecode.swift; path = AppDelegate.swift; sourceTree = "<group>"; };
		831ADAAC2739E13100CB2690 /* SceneDelegate.swift */ = {isa = PBXFileReference; lastKnownFileType = sourcecode.swift; path = SceneDelegate.swift; sourceTree = "<group>"; };
		831ADAB32739E13200CB2690 /* Assets.xcassets */ = {isa = PBXFileReference; lastKnownFileType = folder.assetcatalog; path = Assets.xcassets; sourceTree = "<group>"; };
		831ADAB62739E13200CB2690 /* Base */ = {isa = PBXFileReference; lastKnownFileType = file.storyboard; name = Base; path = Base.lproj/LaunchScreen.storyboard; sourceTree = "<group>"; };
		831ADAB82739E13200CB2690 /* Info.plist */ = {isa = PBXFileReference; lastKnownFileType = text.plist.xml; path = Info.plist; sourceTree = "<group>"; };
		831ADABD2739E13200CB2690 /* LyricsAppTests.xctest */ = {isa = PBXFileReference; explicitFileType = wrapper.cfbundle; includeInIndex = 0; path = LyricsAppTests.xctest; sourceTree = BUILT_PRODUCTS_DIR; };
		831ADAC12739E13200CB2690 /* LyricsAppTests.swift */ = {isa = PBXFileReference; lastKnownFileType = sourcecode.swift; path = LyricsAppTests.swift; sourceTree = "<group>"; };
		831ADAC32739E13200CB2690 /* Info.plist */ = {isa = PBXFileReference; lastKnownFileType = text.plist.xml; path = Info.plist; sourceTree = "<group>"; };
		831ADAC82739E13200CB2690 /* LyricsAppUITests.xctest */ = {isa = PBXFileReference; explicitFileType = wrapper.cfbundle; includeInIndex = 0; path = LyricsAppUITests.xctest; sourceTree = BUILT_PRODUCTS_DIR; };
		831ADACC2739E13200CB2690 /* LyricsAppUITests.swift */ = {isa = PBXFileReference; lastKnownFileType = sourcecode.swift; path = LyricsAppUITests.swift; sourceTree = "<group>"; };
		831ADACE2739E13200CB2690 /* Info.plist */ = {isa = PBXFileReference; lastKnownFileType = text.plist.xml; path = Info.plist; sourceTree = "<group>"; };
		831E4DB1274EC77D006ADF66 /* AboutViewController.swift */ = {isa = PBXFileReference; lastKnownFileType = sourcecode.swift; path = AboutViewController.swift; sourceTree = "<group>"; };
		831E4DB3274ED621006ADF66 /* ViewController+Extension.swift */ = {isa = PBXFileReference; lastKnownFileType = sourcecode.swift; path = "ViewController+Extension.swift"; sourceTree = "<group>"; };
		834E3C6927AEA6BA00DFDF66 /* ChartCellViewModel.swift */ = {isa = PBXFileReference; lastKnownFileType = sourcecode.swift; path = ChartCellViewModel.swift; sourceTree = "<group>"; };
		834E3C6C27AEA91900DFDF66 /* ChartTableViewCell.swift */ = {isa = PBXFileReference; lastKnownFileType = sourcecode.swift; path = ChartTableViewCell.swift; sourceTree = "<group>"; };
		83539B3327AF9CC300EBB952 /* BookedmarkLyricViewModel.swift */ = {isa = PBXFileReference; lastKnownFileType = sourcecode.swift; path = BookedmarkLyricViewModel.swift; sourceTree = "<group>"; };
		83539B3527AFA70F00EBB952 /* BookmarkLyricTableViewCell.swift */ = {isa = PBXFileReference; lastKnownFileType = sourcecode.swift; path = BookmarkLyricTableViewCell.swift; sourceTree = "<group>"; };
		835F983B27B00F6000783EE7 /* LyricEntity+CoreDataClass.swift */ = {isa = PBXFileReference; lastKnownFileType = sourcecode.swift; path = "LyricEntity+CoreDataClass.swift"; sourceTree = "<group>"; };
		835F983C27B00F6000783EE7 /* LyricEntity+CoreDataProperties.swift */ = {isa = PBXFileReference; lastKnownFileType = sourcecode.swift; path = "LyricEntity+CoreDataProperties.swift"; sourceTree = "<group>"; };
		83645086274C1ABC00B80C47 /* ApiEndpoint.swift */ = {isa = PBXFileReference; lastKnownFileType = sourcecode.swift; path = ApiEndpoint.swift; sourceTree = "<group>"; };
		83645088274C1E1800B80C47 /* LyricEndpoint.swift */ = {isa = PBXFileReference; lastKnownFileType = sourcecode.swift; path = LyricEndpoint.swift; sourceTree = "<group>"; };
		8364508A274C204400B80C47 /* SearchResponse.swift */ = {isa = PBXFileReference; lastKnownFileType = sourcecode.swift; path = SearchResponse.swift; sourceTree = "<group>"; };
		8364508D274C260300B80C47 /* ApiService.swift */ = {isa = PBXFileReference; lastKnownFileType = sourcecode.swift; path = ApiService.swift; sourceTree = "<group>"; };
		8378438227ADBA4C00A8EA70 /* TabBarViewController.swift */ = {isa = PBXFileReference; lastKnownFileType = sourcecode.swift; path = TabBarViewController.swift; sourceTree = "<group>"; };
		8378438727ADBAF800A8EA70 /* BookmarkListViewController.swift */ = {isa = PBXFileReference; lastKnownFileType = sourcecode.swift; path = BookmarkListViewController.swift; sourceTree = "<group>"; };
		8378438927ADC69A00A8EA70 /* SiteEndpoint.swift */ = {isa = PBXFileReference; lastKnownFileType = sourcecode.swift; path = SiteEndpoint.swift; sourceTree = "<group>"; };
		837ABBC82741998800F63612 /* SearchViewController.swift */ = {isa = PBXFileReference; lastKnownFileType = sourcecode.swift; path = SearchViewController.swift; sourceTree = "<group>"; };
		837ABBCB274199DA00F63612 /* Color+Extension.swift */ = {isa = PBXFileReference; lastKnownFileType = sourcecode.swift; path = "Color+Extension.swift"; sourceTree = "<group>"; };
		837ABBCF2741A25B00F63612 /* Programme-Regular.ttf */ = {isa = PBXFileReference; lastKnownFileType = file; path = "Programme-Regular.ttf"; sourceTree = "<group>"; };
		83AA2294274D7B4700F6495C /* SearchLyricCellViewModel.swift */ = {isa = PBXFileReference; lastKnownFileType = sourcecode.swift; path = SearchLyricCellViewModel.swift; sourceTree = "<group>"; };
		83AA2296274D7B9700F6495C /* UIThumbnail.swift */ = {isa = PBXFileReference; lastKnownFileType = sourcecode.swift; path = UIThumbnail.swift; sourceTree = "<group>"; };
		83AA2298274D7CA600F6495C /* SearchLyricCollectionViewCell.swift */ = {isa = PBXFileReference; lastKnownFileType = sourcecode.swift; path = SearchLyricCollectionViewCell.swift; sourceTree = "<group>"; };
		83ADEBC4274D984D00041AE3 /* UtilManager.swift */ = {isa = PBXFileReference; lastKnownFileType = sourcecode.swift; path = UtilManager.swift; sourceTree = "<group>"; };
		83ADEBC6274D988B00041AE3 /* CustomFont.swift */ = {isa = PBXFileReference; lastKnownFileType = sourcecode.swift; path = CustomFont.swift; sourceTree = "<group>"; };
		83ADEBC8274DA59A00041AE3 /* LyricViewController.swift */ = {isa = PBXFileReference; lastKnownFileType = sourcecode.swift; path = LyricViewController.swift; sourceTree = "<group>"; };
		83ADEBCA274DB4D000041AE3 /* SongResponse.swift */ = {isa = PBXFileReference; lastKnownFileType = sourcecode.swift; path = SongResponse.swift; sourceTree = "<group>"; };
		83B6AAB027AF36AB00489CFA /* LyricsAppData.xcdatamodel */ = {isa = PBXFileReference; lastKnownFileType = wrapper.xcdatamodel; path = LyricsAppData.xcdatamodel; sourceTree = "<group>"; };
		83B6AAB627AF39EE00489CFA /* LyricDataService.swift */ = {isa = PBXFileReference; lastKnownFileType = sourcecode.swift; path = LyricDataService.swift; sourceTree = "<group>"; };
		83B6AAC427AF3ED600489CFA /* BookmarkedLyricCellViewModel.swift */ = {isa = PBXFileReference; lastKnownFileType = sourcecode.swift; path = BookmarkedLyricCellViewModel.swift; sourceTree = "<group>"; };
		83B6AAC727AF458D00489CFA /* BookmarkedLyricViewController.swift */ = {isa = PBXFileReference; lastKnownFileType = sourcecode.swift; path = BookmarkedLyricViewController.swift; sourceTree = "<group>"; };
		83C1D553274D337A009FCC21 /* LTextField.swift */ = {isa = PBXFileReference; lastKnownFileType = sourcecode.swift; path = LTextField.swift; sourceTree = "<group>"; };
		83C1D555274D397B009FCC21 /* LButton.swift */ = {isa = PBXFileReference; lastKnownFileType = sourcecode.swift; path = LButton.swift; sourceTree = "<group>"; };
		83C1D557274D3CF2009FCC21 /* LyricResultViewController.swift */ = {isa = PBXFileReference; lastKnownFileType = sourcecode.swift; path = LyricResultViewController.swift; sourceTree = "<group>"; };
		83E0B6B2274FF03000617817 /* loader.json */ = {isa = PBXFileReference; fileEncoding = 4; lastKnownFileType = text.json; path = loader.json; sourceTree = "<group>"; };
		83E0B6B4274FF1F100617817 /* LoadingView.swift */ = {isa = PBXFileReference; lastKnownFileType = sourcecode.swift; path = LoadingView.swift; sourceTree = "<group>"; };
		83FB318C274E7418008EA26B /* SongViewModel.swift */ = {isa = PBXFileReference; lastKnownFileType = sourcecode.swift; path = SongViewModel.swift; sourceTree = "<group>"; };
		AAB195226C79D3D78BFA9BEE /* Pods-LyricsApp.release.xcconfig */ = {isa = PBXFileReference; includeInIndex = 1; lastKnownFileType = text.xcconfig; name = "Pods-LyricsApp.release.xcconfig"; path = "Target Support Files/Pods-LyricsApp/Pods-LyricsApp.release.xcconfig"; sourceTree = "<group>"; };
		F55775AA789B2783D5E72E1C /* Pods-LyricsApp.debug.xcconfig */ = {isa = PBXFileReference; includeInIndex = 1; lastKnownFileType = text.xcconfig; name = "Pods-LyricsApp.debug.xcconfig"; path = "Target Support Files/Pods-LyricsApp/Pods-LyricsApp.debug.xcconfig"; sourceTree = "<group>"; };
/* End PBXFileReference section */

/* Begin PBXFrameworksBuildPhase section */
		831ADAA42739E13100CB2690 /* Frameworks */ = {
			isa = PBXFrameworksBuildPhase;
			buildActionMask = 2147483647;
			files = (
				A22F89D948F64AE6309EF8A7 /* Pods_LyricsApp.framework in Frameworks */,
			);
			runOnlyForDeploymentPostprocessing = 0;
		};
		831ADABA2739E13200CB2690 /* Frameworks */ = {
			isa = PBXFrameworksBuildPhase;
			buildActionMask = 2147483647;
			files = (
			);
			runOnlyForDeploymentPostprocessing = 0;
		};
		831ADAC52739E13200CB2690 /* Frameworks */ = {
			isa = PBXFrameworksBuildPhase;
			buildActionMask = 2147483647;
			files = (
			);
			runOnlyForDeploymentPostprocessing = 0;
		};
/* End PBXFrameworksBuildPhase section */

/* Begin PBXGroup section */
		043CF13408B7073AB3A04D74 /* Pods */ = {
			isa = PBXGroup;
			children = (
				F55775AA789B2783D5E72E1C /* Pods-LyricsApp.debug.xcconfig */,
				AAB195226C79D3D78BFA9BEE /* Pods-LyricsApp.release.xcconfig */,
			);
			path = Pods;
			sourceTree = "<group>";
		};
		28B8A5822EC55B284CD84921 /* Frameworks */ = {
			isa = PBXGroup;
			children = (
				4DFA84856610CABE3404D31C /* Pods_LyricsApp.framework */,
			);
			name = Frameworks;
			sourceTree = "<group>";
		};
		831ADA9E2739E13100CB2690 = {
			isa = PBXGroup;
			children = (
				831ADAA92739E13100CB2690 /* LyricsApp */,
				831ADAC02739E13200CB2690 /* LyricsAppTests */,
				831ADACB2739E13200CB2690 /* LyricsAppUITests */,
				831ADAA82739E13100CB2690 /* Products */,
				043CF13408B7073AB3A04D74 /* Pods */,
				28B8A5822EC55B284CD84921 /* Frameworks */,
			);
			sourceTree = "<group>";
		};
		831ADAA82739E13100CB2690 /* Products */ = {
			isa = PBXGroup;
			children = (
				831ADAA72739E13100CB2690 /* LyricsApp.app */,
				831ADABD2739E13200CB2690 /* LyricsAppTests.xctest */,
				831ADAC82739E13200CB2690 /* LyricsAppUITests.xctest */,
			);
			name = Products;
			sourceTree = "<group>";
		};
		831ADAA92739E13100CB2690 /* LyricsApp */ = {
			isa = PBXGroup;
			children = (
				83B6AAAE27AF367500489CFA /* Data */,
				83ADEBC3274D983500041AE3 /* Managers */,
				8364508C274C25F700B80C47 /* Services */,
				837ABBCD27419C6600F63612 /* ViewModel */,
				837ABBCA2741999A00F63612 /* Extensions */,
				831ADADE2739E18400CB2690 /* Models */,
				831ADADD2739E16700CB2690 /* App */,
				831ADADC2739E15E00CB2690 /* Resources */,
				831ADADB2739E15500CB2690 /* Views */,
				831ADADA2739E14E00CB2690 /* Controllers */,
				831ADAB82739E13200CB2690 /* Info.plist */,
			);
			path = LyricsApp;
			sourceTree = "<group>";
		};
		831ADAC02739E13200CB2690 /* LyricsAppTests */ = {
			isa = PBXGroup;
			children = (
				831ADAC12739E13200CB2690 /* LyricsAppTests.swift */,
				831ADAC32739E13200CB2690 /* Info.plist */,
			);
			path = LyricsAppTests;
			sourceTree = "<group>";
		};
		831ADACB2739E13200CB2690 /* LyricsAppUITests */ = {
			isa = PBXGroup;
			children = (
				831ADACC2739E13200CB2690 /* LyricsAppUITests.swift */,
				831ADACE2739E13200CB2690 /* Info.plist */,
			);
			path = LyricsAppUITests;
			sourceTree = "<group>";
		};
		831ADADA2739E14E00CB2690 /* Controllers */ = {
			isa = PBXGroup;
			children = (
				8378438627ADBA6300A8EA70 /* Bookmark */,
				8378438527ADBA5800A8EA70 /* Chart */,
				8378438427ADBA5100A8EA70 /* Search */,
				8378438227ADBA4C00A8EA70 /* TabBarViewController.swift */,
			);
			path = Controllers;
			sourceTree = "<group>";
		};
		831ADADB2739E15500CB2690 /* Views */ = {
			isa = PBXGroup;
			children = (
				83C1D552274D3345009FCC21 /* Components */,
				83B6AAC627AF3F2B00489CFA /* SubViews */,
				831ADAB52739E13200CB2690 /* LaunchScreen.storyboard */,
			);
			path = Views;
			sourceTree = "<group>";
		};
		831ADADC2739E15E00CB2690 /* Resources */ = {
			isa = PBXGroup;
			children = (
				83E0B6B2274FF03000617817 /* loader.json */,
				837ABBCE2741A24400F63612 /* Fonts */,
				831ADAB32739E13200CB2690 /* Assets.xcassets */,
			);
			path = Resources;
			sourceTree = "<group>";
		};
		831ADADD2739E16700CB2690 /* App */ = {
			isa = PBXGroup;
			children = (
				831ADAAA2739E13100CB2690 /* AppDelegate.swift */,
				831ADAAC2739E13100CB2690 /* SceneDelegate.swift */,
			);
			path = App;
			sourceTree = "<group>";
		};
		831ADADE2739E18400CB2690 /* Models */ = {
			isa = PBXGroup;
			children = (
				83645086274C1ABC00B80C47 /* ApiEndpoint.swift */,
				83645088274C1E1800B80C47 /* LyricEndpoint.swift */,
				8364508A274C204400B80C47 /* SearchResponse.swift */,
				83AA2296274D7B9700F6495C /* UIThumbnail.swift */,
				83ADEBC6274D988B00041AE3 /* CustomFont.swift */,
				83ADEBCA274DB4D000041AE3 /* SongResponse.swift */,
				8378438927ADC69A00A8EA70 /* SiteEndpoint.swift */,
			);
			path = Models;
			sourceTree = "<group>";
		};
		834E3C6B27AEA8F500DFDF66 /* Cells */ = {
			isa = PBXGroup;
			children = (
				834E3C6C27AEA91900DFDF66 /* ChartTableViewCell.swift */,
				83539B3527AFA70F00EBB952 /* BookmarkLyricTableViewCell.swift */,
			);
			path = Cells;
			sourceTree = "<group>";
		};
		8364508C274C25F700B80C47 /* Services */ = {
			isa = PBXGroup;
			children = (
				8364508D274C260300B80C47 /* ApiService.swift */,
				83B6AAB627AF39EE00489CFA /* LyricDataService.swift */,
			);
			path = Services;
			sourceTree = "<group>";
		};
		8378438427ADBA5100A8EA70 /* Search */ = {
			isa = PBXGroup;
			children = (
				837ABBC82741998800F63612 /* SearchViewController.swift */,
				83C1D557274D3CF2009FCC21 /* LyricResultViewController.swift */,
				83ADEBC8274DA59A00041AE3 /* LyricViewController.swift */,
				831E4DB1274EC77D006ADF66 /* AboutViewController.swift */,
			);
			path = Search;
			sourceTree = "<group>";
		};
		8378438527ADBA5800A8EA70 /* Chart */ = {
			isa = PBXGroup;
			children = (
				8302505227ACA65000C613C1 /* ChartsViewController.swift */,
			);
			path = Chart;
			sourceTree = "<group>";
		};
		8378438627ADBA6300A8EA70 /* Bookmark */ = {
			isa = PBXGroup;
			children = (
				8378438727ADBAF800A8EA70 /* BookmarkListViewController.swift */,
				83B6AAC727AF458D00489CFA /* BookmarkedLyricViewController.swift */,
			);
			path = Bookmark;
			sourceTree = "<group>";
		};
		837ABBCA2741999A00F63612 /* Extensions */ = {
			isa = PBXGroup;
			children = (
				837ABBCB274199DA00F63612 /* Color+Extension.swift */,
				831E4DB3274ED621006ADF66 /* ViewController+Extension.swift */,
			);
			path = Extensions;
			sourceTree = "<group>";
		};
		837ABBCD27419C6600F63612 /* ViewModel */ = {
			isa = PBXGroup;
			children = (
				83AA2294274D7B4700F6495C /* SearchLyricCellViewModel.swift */,
				83FB318C274E7418008EA26B /* SongViewModel.swift */,
				834E3C6927AEA6BA00DFDF66 /* ChartCellViewModel.swift */,
				83B6AAC427AF3ED600489CFA /* BookmarkedLyricCellViewModel.swift */,
				83539B3327AF9CC300EBB952 /* BookedmarkLyricViewModel.swift */,
			);
			path = ViewModel;
			sourceTree = "<group>";
		};
		837ABBCE2741A24400F63612 /* Fonts */ = {
			isa = PBXGroup;
			children = (
				837ABBCF2741A25B00F63612 /* Programme-Regular.ttf */,
			);
			path = Fonts;
			sourceTree = "<group>";
		};
		83ADEBC3274D983500041AE3 /* Managers */ = {
			isa = PBXGroup;
			children = (
				83ADEBC4274D984D00041AE3 /* UtilManager.swift */,
			);
			path = Managers;
			sourceTree = "<group>";
		};
		83B6AAAE27AF367500489CFA /* Data */ = {
			isa = PBXGroup;
			children = (
				835F983B27B00F6000783EE7 /* LyricEntity+CoreDataClass.swift */,
				835F983C27B00F6000783EE7 /* LyricEntity+CoreDataProperties.swift */,
				83B6AAAF27AF36AB00489CFA /* LyricsAppData.xcdatamodeld */,
			);
			path = Data;
			sourceTree = "<group>";
		};
		83B6AAC627AF3F2B00489CFA /* SubViews */ = {
			isa = PBXGroup;
			children = (
				8304C599274FDBD8000C7B59 /* DescriptionView.swift */,
				83E0B6B4274FF1F100617817 /* LoadingView.swift */,
			);
			path = SubViews;
			sourceTree = "<group>";
		};
		83C1D552274D3345009FCC21 /* Components */ = {
			isa = PBXGroup;
			children = (
				834E3C6B27AEA8F500DFDF66 /* Cells */,
				83C1D553274D337A009FCC21 /* LTextField.swift */,
				83C1D555274D397B009FCC21 /* LButton.swift */,
				83AA2298274D7CA600F6495C /* SearchLyricCollectionViewCell.swift */,
			);
			path = Components;
			sourceTree = "<group>";
		};
/* End PBXGroup section */

/* Begin PBXNativeTarget section */
		831ADAA62739E13100CB2690 /* LyricsApp */ = {
			isa = PBXNativeTarget;
			buildConfigurationList = 831ADAD12739E13200CB2690 /* Build configuration list for PBXNativeTarget "LyricsApp" */;
			buildPhases = (
				3B0220B911A321AD3DC2ECA5 /* [CP] Check Pods Manifest.lock */,
				831ADAA32739E13100CB2690 /* Sources */,
				831ADAA42739E13100CB2690 /* Frameworks */,
				831ADAA52739E13100CB2690 /* Resources */,
				0797F3A19DEAC19E5C497958 /* [CP] Embed Pods Frameworks */,
			);
			buildRules = (
			);
			dependencies = (
			);
			name = LyricsApp;
			productName = LyricsApp;
			productReference = 831ADAA72739E13100CB2690 /* LyricsApp.app */;
			productType = "com.apple.product-type.application";
		};
		831ADABC2739E13200CB2690 /* LyricsAppTests */ = {
			isa = PBXNativeTarget;
			buildConfigurationList = 831ADAD42739E13200CB2690 /* Build configuration list for PBXNativeTarget "LyricsAppTests" */;
			buildPhases = (
				831ADAB92739E13200CB2690 /* Sources */,
				831ADABA2739E13200CB2690 /* Frameworks */,
				831ADABB2739E13200CB2690 /* Resources */,
			);
			buildRules = (
			);
			dependencies = (
				831ADABF2739E13200CB2690 /* PBXTargetDependency */,
			);
			name = LyricsAppTests;
			productName = LyricsAppTests;
			productReference = 831ADABD2739E13200CB2690 /* LyricsAppTests.xctest */;
			productType = "com.apple.product-type.bundle.unit-test";
		};
		831ADAC72739E13200CB2690 /* LyricsAppUITests */ = {
			isa = PBXNativeTarget;
			buildConfigurationList = 831ADAD72739E13200CB2690 /* Build configuration list for PBXNativeTarget "LyricsAppUITests" */;
			buildPhases = (
				831ADAC42739E13200CB2690 /* Sources */,
				831ADAC52739E13200CB2690 /* Frameworks */,
				831ADAC62739E13200CB2690 /* Resources */,
			);
			buildRules = (
			);
			dependencies = (
				831ADACA2739E13200CB2690 /* PBXTargetDependency */,
			);
			name = LyricsAppUITests;
			productName = LyricsAppUITests;
			productReference = 831ADAC82739E13200CB2690 /* LyricsAppUITests.xctest */;
			productType = "com.apple.product-type.bundle.ui-testing";
		};
/* End PBXNativeTarget section */

/* Begin PBXProject section */
		831ADA9F2739E13100CB2690 /* Project object */ = {
			isa = PBXProject;
			attributes = {
				LastSwiftUpdateCheck = 1250;
				LastUpgradeCheck = 1250;
				TargetAttributes = {
					831ADAA62739E13100CB2690 = {
						CreatedOnToolsVersion = 12.5.1;
					};
					831ADABC2739E13200CB2690 = {
						CreatedOnToolsVersion = 12.5.1;
						TestTargetID = 831ADAA62739E13100CB2690;
					};
					831ADAC72739E13200CB2690 = {
						CreatedOnToolsVersion = 12.5.1;
						TestTargetID = 831ADAA62739E13100CB2690;
					};
				};
			};
			buildConfigurationList = 831ADAA22739E13100CB2690 /* Build configuration list for PBXProject "LyricsApp" */;
			compatibilityVersion = "Xcode 9.3";
			developmentRegion = en;
			hasScannedForEncodings = 0;
			knownRegions = (
				en,
				Base,
			);
			mainGroup = 831ADA9E2739E13100CB2690;
			productRefGroup = 831ADAA82739E13100CB2690 /* Products */;
			projectDirPath = "";
			projectRoot = "";
			targets = (
				831ADAA62739E13100CB2690 /* LyricsApp */,
				831ADABC2739E13200CB2690 /* LyricsAppTests */,
				831ADAC72739E13200CB2690 /* LyricsAppUITests */,
			);
		};
/* End PBXProject section */

/* Begin PBXResourcesBuildPhase section */
		831ADAA52739E13100CB2690 /* Resources */ = {
			isa = PBXResourcesBuildPhase;
			buildActionMask = 2147483647;
			files = (
				837ABBD02741A25B00F63612 /* Programme-Regular.ttf in Resources */,
				831ADAB72739E13200CB2690 /* LaunchScreen.storyboard in Resources */,
				83E0B6B3274FF03000617817 /* loader.json in Resources */,
				831ADAB42739E13200CB2690 /* Assets.xcassets in Resources */,
			);
			runOnlyForDeploymentPostprocessing = 0;
		};
		831ADABB2739E13200CB2690 /* Resources */ = {
			isa = PBXResourcesBuildPhase;
			buildActionMask = 2147483647;
			files = (
			);
			runOnlyForDeploymentPostprocessing = 0;
		};
		831ADAC62739E13200CB2690 /* Resources */ = {
			isa = PBXResourcesBuildPhase;
			buildActionMask = 2147483647;
			files = (
			);
			runOnlyForDeploymentPostprocessing = 0;
		};
/* End PBXResourcesBuildPhase section */

/* Begin PBXShellScriptBuildPhase section */
		0797F3A19DEAC19E5C497958 /* [CP] Embed Pods Frameworks */ = {
			isa = PBXShellScriptBuildPhase;
			buildActionMask = 2147483647;
			files = (
			);
			inputFileListPaths = (
				"${PODS_ROOT}/Target Support Files/Pods-LyricsApp/Pods-LyricsApp-frameworks-${CONFIGURATION}-input-files.xcfilelist",
			);
			name = "[CP] Embed Pods Frameworks";
			outputFileListPaths = (
				"${PODS_ROOT}/Target Support Files/Pods-LyricsApp/Pods-LyricsApp-frameworks-${CONFIGURATION}-output-files.xcfilelist",
			);
			runOnlyForDeploymentPostprocessing = 0;
			shellPath = /bin/sh;
			shellScript = "\"${PODS_ROOT}/Target Support Files/Pods-LyricsApp/Pods-LyricsApp-frameworks.sh\"\n";
			showEnvVarsInLog = 0;
		};
		3B0220B911A321AD3DC2ECA5 /* [CP] Check Pods Manifest.lock */ = {
			isa = PBXShellScriptBuildPhase;
			buildActionMask = 2147483647;
			files = (
			);
			inputFileListPaths = (
			);
			inputPaths = (
				"${PODS_PODFILE_DIR_PATH}/Podfile.lock",
				"${PODS_ROOT}/Manifest.lock",
			);
			name = "[CP] Check Pods Manifest.lock";
			outputFileListPaths = (
			);
			outputPaths = (
				"$(DERIVED_FILE_DIR)/Pods-LyricsApp-checkManifestLockResult.txt",
			);
			runOnlyForDeploymentPostprocessing = 0;
			shellPath = /bin/sh;
			shellScript = "diff \"${PODS_PODFILE_DIR_PATH}/Podfile.lock\" \"${PODS_ROOT}/Manifest.lock\" > /dev/null\nif [ $? != 0 ] ; then\n    # print error to STDERR\n    echo \"error: The sandbox is not in sync with the Podfile.lock. Run 'pod install' or update your CocoaPods installation.\" >&2\n    exit 1\nfi\n# This output is used by Xcode 'outputs' to avoid re-running this script phase.\necho \"SUCCESS\" > \"${SCRIPT_OUTPUT_FILE_0}\"\n";
			showEnvVarsInLog = 0;
		};
/* End PBXShellScriptBuildPhase section */

/* Begin PBXSourcesBuildPhase section */
		831ADAA32739E13100CB2690 /* Sources */ = {
			isa = PBXSourcesBuildPhase;
			buildActionMask = 2147483647;
			files = (
				8364508B274C204400B80C47 /* SearchResponse.swift in Sources */,
				835F983E27B00F6000783EE7 /* LyricEntity+CoreDataProperties.swift in Sources */,
				837ABBC92741998800F63612 /* SearchViewController.swift in Sources */,
				831ADAAB2739E13100CB2690 /* AppDelegate.swift in Sources */,
				83AA2297274D7B9700F6495C /* UIThumbnail.swift in Sources */,
				834E3C6D27AEA91900DFDF66 /* ChartTableViewCell.swift in Sources */,
				831E4DB4274ED621006ADF66 /* ViewController+Extension.swift in Sources */,
				83AA2299274D7CA600F6495C /* SearchLyricCollectionViewCell.swift in Sources */,
				83B6AAB727AF39EE00489CFA /* LyricDataService.swift in Sources */,
				83B6AAB127AF36AB00489CFA /* LyricsAppData.xcdatamodeld in Sources */,
				83ADEBCB274DB4D000041AE3 /* SongResponse.swift in Sources */,
				835F983D27B00F6000783EE7 /* LyricEntity+CoreDataClass.swift in Sources */,
				8304C59A274FDBD8000C7B59 /* DescriptionView.swift in Sources */,
				8378438A27ADC69A00A8EA70 /* SiteEndpoint.swift in Sources */,
				83ADEBC9274DA59A00041AE3 /* LyricViewController.swift in Sources */,
				8302505327ACA65000C613C1 /* ChartsViewController.swift in Sources */,
				83645089274C1E1800B80C47 /* LyricEndpoint.swift in Sources */,
				831ADAAD2739E13100CB2690 /* SceneDelegate.swift in Sources */,
				834E3C6A27AEA6BA00DFDF66 /* ChartCellViewModel.swift in Sources */,
				83ADEBC5274D984D00041AE3 /* UtilManager.swift in Sources */,
				8378438327ADBA4C00A8EA70 /* TabBarViewController.swift in Sources */,
				83C1D558274D3CF2009FCC21 /* LyricResultViewController.swift in Sources */,
				83539B3427AF9CC300EBB952 /* BookedmarkLyricViewModel.swift in Sources */,
				83539B3627AFA70F00EBB952 /* BookmarkLyricTableViewCell.swift in Sources */,
				83B6AAC527AF3ED600489CFA /* BookmarkedLyricCellViewModel.swift in Sources */,
				83C1D554274D337A009FCC21 /* LTextField.swift in Sources */,
				83C1D556274D397B009FCC21 /* LButton.swift in Sources */,
				83FB318D274E7418008EA26B /* SongViewModel.swift in Sources */,
				837ABBCC274199DA00F63612 /* Color+Extension.swift in Sources */,
				8364508E274C260300B80C47 /* ApiService.swift in Sources */,
				83ADEBC7274D988B00041AE3 /* CustomFont.swift in Sources */,
				83AA2295274D7B4700F6495C /* SearchLyricCellViewModel.swift in Sources */,
				8378438827ADBAF800A8EA70 /* BookmarkListViewController.swift in Sources */,
				831E4DB2274EC77D006ADF66 /* AboutViewController.swift in Sources */,
				83645087274C1ABC00B80C47 /* ApiEndpoint.swift in Sources */,
				83E0B6B5274FF1F100617817 /* LoadingView.swift in Sources */,
				83B6AAC827AF458D00489CFA /* BookmarkedLyricViewController.swift in Sources */,
			);
			runOnlyForDeploymentPostprocessing = 0;
		};
		831ADAB92739E13200CB2690 /* Sources */ = {
			isa = PBXSourcesBuildPhase;
			buildActionMask = 2147483647;
			files = (
				831ADAC22739E13200CB2690 /* LyricsAppTests.swift in Sources */,
			);
			runOnlyForDeploymentPostprocessing = 0;
		};
		831ADAC42739E13200CB2690 /* Sources */ = {
			isa = PBXSourcesBuildPhase;
			buildActionMask = 2147483647;
			files = (
				831ADACD2739E13200CB2690 /* LyricsAppUITests.swift in Sources */,
			);
			runOnlyForDeploymentPostprocessing = 0;
		};
/* End PBXSourcesBuildPhase section */

/* Begin PBXTargetDependency section */
		831ADABF2739E13200CB2690 /* PBXTargetDependency */ = {
			isa = PBXTargetDependency;
			target = 831ADAA62739E13100CB2690 /* LyricsApp */;
			targetProxy = 831ADABE2739E13200CB2690 /* PBXContainerItemProxy */;
		};
		831ADACA2739E13200CB2690 /* PBXTargetDependency */ = {
			isa = PBXTargetDependency;
			target = 831ADAA62739E13100CB2690 /* LyricsApp */;
			targetProxy = 831ADAC92739E13200CB2690 /* PBXContainerItemProxy */;
		};
/* End PBXTargetDependency section */

/* Begin PBXVariantGroup section */
		831ADAB52739E13200CB2690 /* LaunchScreen.storyboard */ = {
			isa = PBXVariantGroup;
			children = (
				831ADAB62739E13200CB2690 /* Base */,
			);
			name = LaunchScreen.storyboard;
			sourceTree = "<group>";
		};
/* End PBXVariantGroup section */

/* Begin XCBuildConfiguration section */
		831ADACF2739E13200CB2690 /* Debug */ = {
			isa = XCBuildConfiguration;
			buildSettings = {
				ALWAYS_SEARCH_USER_PATHS = NO;
				CLANG_ANALYZER_NONNULL = YES;
				CLANG_ANALYZER_NUMBER_OBJECT_CONVERSION = YES_AGGRESSIVE;
				CLANG_CXX_LANGUAGE_STANDARD = "gnu++14";
				CLANG_CXX_LIBRARY = "libc++";
				CLANG_ENABLE_MODULES = YES;
				CLANG_ENABLE_OBJC_ARC = YES;
				CLANG_ENABLE_OBJC_WEAK = YES;
				CLANG_WARN_BLOCK_CAPTURE_AUTORELEASING = YES;
				CLANG_WARN_BOOL_CONVERSION = YES;
				CLANG_WARN_COMMA = YES;
				CLANG_WARN_CONSTANT_CONVERSION = YES;
				CLANG_WARN_DEPRECATED_OBJC_IMPLEMENTATIONS = YES;
				CLANG_WARN_DIRECT_OBJC_ISA_USAGE = YES_ERROR;
				CLANG_WARN_DOCUMENTATION_COMMENTS = YES;
				CLANG_WARN_EMPTY_BODY = YES;
				CLANG_WARN_ENUM_CONVERSION = YES;
				CLANG_WARN_INFINITE_RECURSION = YES;
				CLANG_WARN_INT_CONVERSION = YES;
				CLANG_WARN_NON_LITERAL_NULL_CONVERSION = YES;
				CLANG_WARN_OBJC_IMPLICIT_RETAIN_SELF = YES;
				CLANG_WARN_OBJC_LITERAL_CONVERSION = YES;
				CLANG_WARN_OBJC_ROOT_CLASS = YES_ERROR;
				CLANG_WARN_QUOTED_INCLUDE_IN_FRAMEWORK_HEADER = YES;
				CLANG_WARN_RANGE_LOOP_ANALYSIS = YES;
				CLANG_WARN_STRICT_PROTOTYPES = YES;
				CLANG_WARN_SUSPICIOUS_MOVE = YES;
				CLANG_WARN_UNGUARDED_AVAILABILITY = YES_AGGRESSIVE;
				CLANG_WARN_UNREACHABLE_CODE = YES;
				CLANG_WARN__DUPLICATE_METHOD_MATCH = YES;
				COPY_PHASE_STRIP = NO;
				DEBUG_INFORMATION_FORMAT = dwarf;
				ENABLE_STRICT_OBJC_MSGSEND = YES;
				ENABLE_TESTABILITY = YES;
				GCC_C_LANGUAGE_STANDARD = gnu11;
				GCC_DYNAMIC_NO_PIC = NO;
				GCC_NO_COMMON_BLOCKS = YES;
				GCC_OPTIMIZATION_LEVEL = 0;
				GCC_PREPROCESSOR_DEFINITIONS = (
					"DEBUG=1",
					"$(inherited)",
				);
				GCC_WARN_64_TO_32_BIT_CONVERSION = YES;
				GCC_WARN_ABOUT_RETURN_TYPE = YES_ERROR;
				GCC_WARN_UNDECLARED_SELECTOR = YES;
				GCC_WARN_UNINITIALIZED_AUTOS = YES_AGGRESSIVE;
				GCC_WARN_UNUSED_FUNCTION = YES;
				GCC_WARN_UNUSED_VARIABLE = YES;
				IPHONEOS_DEPLOYMENT_TARGET = 14.5;
				MTL_ENABLE_DEBUG_INFO = INCLUDE_SOURCE;
				MTL_FAST_MATH = YES;
				ONLY_ACTIVE_ARCH = YES;
				SDKROOT = iphoneos;
				SWIFT_ACTIVE_COMPILATION_CONDITIONS = DEBUG;
				SWIFT_OPTIMIZATION_LEVEL = "-Onone";
			};
			name = Debug;
		};
		831ADAD02739E13200CB2690 /* Release */ = {
			isa = XCBuildConfiguration;
			buildSettings = {
				ALWAYS_SEARCH_USER_PATHS = NO;
				CLANG_ANALYZER_NONNULL = YES;
				CLANG_ANALYZER_NUMBER_OBJECT_CONVERSION = YES_AGGRESSIVE;
				CLANG_CXX_LANGUAGE_STANDARD = "gnu++14";
				CLANG_CXX_LIBRARY = "libc++";
				CLANG_ENABLE_MODULES = YES;
				CLANG_ENABLE_OBJC_ARC = YES;
				CLANG_ENABLE_OBJC_WEAK = YES;
				CLANG_WARN_BLOCK_CAPTURE_AUTORELEASING = YES;
				CLANG_WARN_BOOL_CONVERSION = YES;
				CLANG_WARN_COMMA = YES;
				CLANG_WARN_CONSTANT_CONVERSION = YES;
				CLANG_WARN_DEPRECATED_OBJC_IMPLEMENTATIONS = YES;
				CLANG_WARN_DIRECT_OBJC_ISA_USAGE = YES_ERROR;
				CLANG_WARN_DOCUMENTATION_COMMENTS = YES;
				CLANG_WARN_EMPTY_BODY = YES;
				CLANG_WARN_ENUM_CONVERSION = YES;
				CLANG_WARN_INFINITE_RECURSION = YES;
				CLANG_WARN_INT_CONVERSION = YES;
				CLANG_WARN_NON_LITERAL_NULL_CONVERSION = YES;
				CLANG_WARN_OBJC_IMPLICIT_RETAIN_SELF = YES;
				CLANG_WARN_OBJC_LITERAL_CONVERSION = YES;
				CLANG_WARN_OBJC_ROOT_CLASS = YES_ERROR;
				CLANG_WARN_QUOTED_INCLUDE_IN_FRAMEWORK_HEADER = YES;
				CLANG_WARN_RANGE_LOOP_ANALYSIS = YES;
				CLANG_WARN_STRICT_PROTOTYPES = YES;
				CLANG_WARN_SUSPICIOUS_MOVE = YES;
				CLANG_WARN_UNGUARDED_AVAILABILITY = YES_AGGRESSIVE;
				CLANG_WARN_UNREACHABLE_CODE = YES;
				CLANG_WARN__DUPLICATE_METHOD_MATCH = YES;
				COPY_PHASE_STRIP = NO;
				DEBUG_INFORMATION_FORMAT = "dwarf-with-dsym";
				ENABLE_NS_ASSERTIONS = NO;
				ENABLE_STRICT_OBJC_MSGSEND = YES;
				GCC_C_LANGUAGE_STANDARD = gnu11;
				GCC_NO_COMMON_BLOCKS = YES;
				GCC_WARN_64_TO_32_BIT_CONVERSION = YES;
				GCC_WARN_ABOUT_RETURN_TYPE = YES_ERROR;
				GCC_WARN_UNDECLARED_SELECTOR = YES;
				GCC_WARN_UNINITIALIZED_AUTOS = YES_AGGRESSIVE;
				GCC_WARN_UNUSED_FUNCTION = YES;
				GCC_WARN_UNUSED_VARIABLE = YES;
				IPHONEOS_DEPLOYMENT_TARGET = 14.5;
				MTL_ENABLE_DEBUG_INFO = NO;
				MTL_FAST_MATH = YES;
				SDKROOT = iphoneos;
				SWIFT_COMPILATION_MODE = wholemodule;
				SWIFT_OPTIMIZATION_LEVEL = "-O";
				VALIDATE_PRODUCT = YES;
			};
			name = Release;
		};
		831ADAD22739E13200CB2690 /* Debug */ = {
			isa = XCBuildConfiguration;
			baseConfigurationReference = F55775AA789B2783D5E72E1C /* Pods-LyricsApp.debug.xcconfig */;
			buildSettings = {
				ASSETCATALOG_COMPILER_APPICON_NAME = AppIcon;
				ASSETCATALOG_COMPILER_GLOBAL_ACCENT_COLOR_NAME = AccentColor;
				CODE_SIGN_STYLE = Automatic;
				DEVELOPMENT_TEAM = PZJ2LKY34X;
				INFOPLIST_FILE = LyricsApp/Info.plist;
				LD_RUNPATH_SEARCH_PATHS = (
					"$(inherited)",
					"@executable_path/Frameworks",
				);
				PRODUCT_BUNDLE_IDENTIFIER = com.ogdev.LyricsApp;
				PRODUCT_NAME = "$(TARGET_NAME)";
				SWIFT_VERSION = 5.0;
				TARGETED_DEVICE_FAMILY = 1;
			};
			name = Debug;
		};
		831ADAD32739E13200CB2690 /* Release */ = {
			isa = XCBuildConfiguration;
			baseConfigurationReference = AAB195226C79D3D78BFA9BEE /* Pods-LyricsApp.release.xcconfig */;
			buildSettings = {
				ASSETCATALOG_COMPILER_APPICON_NAME = AppIcon;
				ASSETCATALOG_COMPILER_GLOBAL_ACCENT_COLOR_NAME = AccentColor;
				CODE_SIGN_STYLE = Automatic;
				DEVELOPMENT_TEAM = PZJ2LKY34X;
				INFOPLIST_FILE = LyricsApp/Info.plist;
				LD_RUNPATH_SEARCH_PATHS = (
					"$(inherited)",
					"@executable_path/Frameworks",
				);
				PRODUCT_BUNDLE_IDENTIFIER = com.ogdev.LyricsApp;
				PRODUCT_NAME = "$(TARGET_NAME)";
				SWIFT_VERSION = 5.0;
				TARGETED_DEVICE_FAMILY = 1;
			};
			name = Release;
		};
		831ADAD52739E13200CB2690 /* Debug */ = {
			isa = XCBuildConfiguration;
			buildSettings = {
				ALWAYS_EMBED_SWIFT_STANDARD_LIBRARIES = YES;
				BUNDLE_LOADER = "$(TEST_HOST)";
				CODE_SIGN_STYLE = Automatic;
				DEVELOPMENT_TEAM = PZJ2LKY34X;
				INFOPLIST_FILE = LyricsAppTests/Info.plist;
				IPHONEOS_DEPLOYMENT_TARGET = 14.5;
				LD_RUNPATH_SEARCH_PATHS = (
					"$(inherited)",
					"@executable_path/Frameworks",
					"@loader_path/Frameworks",
				);
				PRODUCT_BUNDLE_IDENTIFIER = com.ogdev.LyricsAppTests;
				PRODUCT_NAME = "$(TARGET_NAME)";
				SWIFT_VERSION = 5.0;
				TARGETED_DEVICE_FAMILY = "1,2";
				TEST_HOST = "$(BUILT_PRODUCTS_DIR)/LyricsApp.app/LyricsApp";
			};
			name = Debug;
		};
		831ADAD62739E13200CB2690 /* Release */ = {
			isa = XCBuildConfiguration;
			buildSettings = {
				ALWAYS_EMBED_SWIFT_STANDARD_LIBRARIES = YES;
				BUNDLE_LOADER = "$(TEST_HOST)";
				CODE_SIGN_STYLE = Automatic;
				DEVELOPMENT_TEAM = PZJ2LKY34X;
				INFOPLIST_FILE = LyricsAppTests/Info.plist;
				IPHONEOS_DEPLOYMENT_TARGET = 14.5;
				LD_RUNPATH_SEARCH_PATHS = (
					"$(inherited)",
					"@executable_path/Frameworks",
					"@loader_path/Frameworks",
				);
				PRODUCT_BUNDLE_IDENTIFIER = com.ogdev.LyricsAppTests;
				PRODUCT_NAME = "$(TARGET_NAME)";
				SWIFT_VERSION = 5.0;
				TARGETED_DEVICE_FAMILY = "1,2";
				TEST_HOST = "$(BUILT_PRODUCTS_DIR)/LyricsApp.app/LyricsApp";
			};
			name = Release;
		};
		831ADAD82739E13200CB2690 /* Debug */ = {
			isa = XCBuildConfiguration;
			buildSettings = {
				ALWAYS_EMBED_SWIFT_STANDARD_LIBRARIES = YES;
				CODE_SIGN_STYLE = Automatic;
				DEVELOPMENT_TEAM = PZJ2LKY34X;
				INFOPLIST_FILE = LyricsAppUITests/Info.plist;
				LD_RUNPATH_SEARCH_PATHS = (
					"$(inherited)",
					"@executable_path/Frameworks",
					"@loader_path/Frameworks",
				);
				PRODUCT_BUNDLE_IDENTIFIER = com.ogdev.LyricsAppUITests;
				PRODUCT_NAME = "$(TARGET_NAME)";
				SWIFT_VERSION = 5.0;
				TARGETED_DEVICE_FAMILY = "1,2";
				TEST_TARGET_NAME = LyricsApp;
			};
			name = Debug;
		};
		831ADAD92739E13200CB2690 /* Release */ = {
			isa = XCBuildConfiguration;
			buildSettings = {
				ALWAYS_EMBED_SWIFT_STANDARD_LIBRARIES = YES;
				CODE_SIGN_STYLE = Automatic;
				DEVELOPMENT_TEAM = PZJ2LKY34X;
				INFOPLIST_FILE = LyricsAppUITests/Info.plist;
				LD_RUNPATH_SEARCH_PATHS = (
					"$(inherited)",
					"@executable_path/Frameworks",
					"@loader_path/Frameworks",
				);
				PRODUCT_BUNDLE_IDENTIFIER = com.ogdev.LyricsAppUITests;
				PRODUCT_NAME = "$(TARGET_NAME)";
				SWIFT_VERSION = 5.0;
				TARGETED_DEVICE_FAMILY = "1,2";
				TEST_TARGET_NAME = LyricsApp;
			};
			name = Release;
		};
/* End XCBuildConfiguration section */

/* Begin XCConfigurationList section */
		831ADAA22739E13100CB2690 /* Build configuration list for PBXProject "LyricsApp" */ = {
			isa = XCConfigurationList;
			buildConfigurations = (
				831ADACF2739E13200CB2690 /* Debug */,
				831ADAD02739E13200CB2690 /* Release */,
			);
			defaultConfigurationIsVisible = 0;
			defaultConfigurationName = Release;
		};
		831ADAD12739E13200CB2690 /* Build configuration list for PBXNativeTarget "LyricsApp" */ = {
			isa = XCConfigurationList;
			buildConfigurations = (
				831ADAD22739E13200CB2690 /* Debug */,
				831ADAD32739E13200CB2690 /* Release */,
			);
			defaultConfigurationIsVisible = 0;
			defaultConfigurationName = Release;
		};
		831ADAD42739E13200CB2690 /* Build configuration list for PBXNativeTarget "LyricsAppTests" */ = {
			isa = XCConfigurationList;
			buildConfigurations = (
				831ADAD52739E13200CB2690 /* Debug */,
				831ADAD62739E13200CB2690 /* Release */,
			);
			defaultConfigurationIsVisible = 0;
			defaultConfigurationName = Release;
		};
		831ADAD72739E13200CB2690 /* Build configuration list for PBXNativeTarget "LyricsAppUITests" */ = {
			isa = XCConfigurationList;
			buildConfigurations = (
				831ADAD82739E13200CB2690 /* Debug */,
				831ADAD92739E13200CB2690 /* Release */,
			);
			defaultConfigurationIsVisible = 0;
			defaultConfigurationName = Release;
		};
/* End XCConfigurationList section */

/* Begin XCVersionGroup section */
		83B6AAAF27AF36AB00489CFA /* LyricsAppData.xcdatamodeld */ = {
			isa = XCVersionGroup;
			children = (
				83B6AAB027AF36AB00489CFA /* LyricsAppData.xcdatamodel */,
			);
			currentVersion = 83B6AAB027AF36AB00489CFA /* LyricsAppData.xcdatamodel */;
			path = LyricsAppData.xcdatamodeld;
			sourceTree = "<group>";
			versionGroupType = wrapper.xcdatamodel;
		};
/* End XCVersionGroup section */
	};
	rootObject = 831ADA9F2739E13100CB2690 /* Project object */;
}
